
Microsoft Visual Studio Solution File, Format Version 12.00
# Visual Studio Version 17
VisualStudioVersion = 17.6.33829.357
MinimumVisualStudioVersion = 10.0.40219.1
Project("{FAE04EC0-301F-11D3-BF4B-00C04F79EFBC}") = "schap_bai1", "schap_bai1.csproj", "{8B1BE34A-0B35-48CD-94F2-0E5AA38F6466}"
EndProject
Global
	GlobalSection(SolutionConfigurationPlatforms) = preSolution
		Debug|Any CPU = Debug|Any CPU
		Release|Any CPU = Release|Any CPU
	EndGlobalSection
	GlobalSection(ProjectConfigurationPlatforms) = postSolution
		{8B1BE34A-0B35-48CD-94F2-0E5AA38F6466}.Debug|Any CPU.ActiveCfg = Debug|Any CPU
		{8B1BE34A-0B35-48CD-94F2-0E5AA38F6466}.Debug|Any CPU.Build.0 = Debug|Any CPU
		{8B1BE34A-0B35-48CD-94F2-0E5AA38F6466}.Release|Any CPU.ActiveCfg = Release|Any CPU
		{8B1BE34A-0B35-48CD-94F2-0E5AA38F6466}.Release|Any CPU.Build.0 = Release|Any CPU
	EndGlobalSection
	GlobalSection(SolutionProperties) = preSolution
		HideSolutionNode = FALSE
	EndGlobalSection
	GlobalSection(ExtensibilityGlobals) = postSolution
		SolutionGuid = {836C8FC3-739E-4E4A-8B64-A3EB34B9D972}
	EndGlobalSection
EndGlobal
